
Microsoft Visual Studio Solution File, Format Version 12.00
# Visual Studio 15
VisualStudioVersion = 15.0.28010.2050
MinimumVisualStudioVersion = 10.0.40219.1
Project("{11A8DD76-328B-46DF-9F39-F559912D0360}") = "SPI_MAX31865", "SPI_MAX31865\SPI_MAX31865.nfproj", "{A40E796F-8900-46FA-A92A-805A68348EDD}"
EndProject
Global
	GlobalSection(SolutionConfigurationPlatforms) = preSolution
		Debug|Any CPU = Debug|Any CPU
		Release|Any CPU = Release|Any CPU
	EndGlobalSection
	GlobalSection(ProjectConfigurationPlatforms) = postSolution
		{A40E796F-8900-46FA-A92A-805A68348EDD}.Debug|Any CPU.ActiveCfg = Debug|Any CPU
		{A40E796F-8900-46FA-A92A-805A68348EDD}.Debug|Any CPU.Build.0 = Debug|Any CPU
		{A40E796F-8900-46FA-A92A-805A68348EDD}.Debug|Any CPU.Deploy.0 = Debug|Any CPU
		{A40E796F-8900-46FA-A92A-805A68348EDD}.Release|Any CPU.ActiveCfg = Release|Any CPU
		{A40E796F-8900-46FA-A92A-805A68348EDD}.Release|Any CPU.Build.0 = Release|Any CPU
		{A40E796F-8900-46FA-A92A-805A68348EDD}.Release|Any CPU.Deploy.0 = Release|Any CPU
	EndGlobalSection
	GlobalSection(SolutionProperties) = preSolution
		HideSolutionNode = FALSE
	EndGlobalSection
	GlobalSection(ExtensibilityGlobals) = postSolution
		SolutionGuid = {2954E59D-0395-474E-9F63-C60BB058475F}
	EndGlobalSection
EndGlobal
