
Microsoft Visual Studio Solution File, Format Version 12.00
# Visual Studio 15
VisualStudioVersion = 15.0.28010.2050
MinimumVisualStudioVersion = 10.0.40219.1
Project("{11A8DD76-328B-46DF-9F39-F559912D0360}") = "SPI-SDCard", "SPI-SDCard.nfproj", "{75FB6A1B-838C-4E63-BB14-2B0506FDA7F1}"
EndProject
Project("{11A8DD76-328B-46DF-9F39-F559912D0360}") = "SPI_FatFS", "..\..\..\..\drivers\SPI\FatFS\SPI_FatFS\SPI_FatFS.nfproj", "{2003F092-4317-4992-A682-759CECB9E8E4}"
EndProject
Global
	GlobalSection(SolutionConfigurationPlatforms) = preSolution
		Debug|Any CPU = Debug|Any CPU
		Release|Any CPU = Release|Any CPU
	EndGlobalSection
	GlobalSection(ProjectConfigurationPlatforms) = postSolution
		{75FB6A1B-838C-4E63-BB14-2B0506FDA7F1}.Debug|Any CPU.ActiveCfg = Debug|Any CPU
		{75FB6A1B-838C-4E63-BB14-2B0506FDA7F1}.Debug|Any CPU.Build.0 = Debug|Any CPU
		{75FB6A1B-838C-4E63-BB14-2B0506FDA7F1}.Debug|Any CPU.Deploy.0 = Debug|Any CPU
		{75FB6A1B-838C-4E63-BB14-2B0506FDA7F1}.Release|Any CPU.ActiveCfg = Release|Any CPU
		{75FB6A1B-838C-4E63-BB14-2B0506FDA7F1}.Release|Any CPU.Build.0 = Release|Any CPU
		{75FB6A1B-838C-4E63-BB14-2B0506FDA7F1}.Release|Any CPU.Deploy.0 = Release|Any CPU
		{2003F092-4317-4992-A682-759CECB9E8E4}.Debug|Any CPU.ActiveCfg = Debug|Any CPU
		{2003F092-4317-4992-A682-759CECB9E8E4}.Debug|Any CPU.Build.0 = Debug|Any CPU
		{2003F092-4317-4992-A682-759CECB9E8E4}.Debug|Any CPU.Deploy.0 = Debug|Any CPU
		{2003F092-4317-4992-A682-759CECB9E8E4}.Release|Any CPU.ActiveCfg = Release|Any CPU
		{2003F092-4317-4992-A682-759CECB9E8E4}.Release|Any CPU.Build.0 = Release|Any CPU
		{2003F092-4317-4992-A682-759CECB9E8E4}.Release|Any CPU.Deploy.0 = Release|Any CPU
	EndGlobalSection
	GlobalSection(SolutionProperties) = preSolution
		HideSolutionNode = FALSE
	EndGlobalSection
	GlobalSection(ExtensibilityGlobals) = postSolution
		SolutionGuid = {846615DE-2A24-4AEE-B4C0-F434BEB102B4}
	EndGlobalSection
EndGlobal
